
Microsoft Visual Studio Solution File, Format Version 12.00
# Visual Studio Version 16
VisualStudioVersion = 16.0.31005.135
MinimumVisualStudioVersion = 10.0.40219.1
Project("{9A19103F-16F7-4668-BE54-9A1E7A4F7556}") = "Second_Project", "Second_Project\Second_Project.csproj", "{3D076626-CE25-40F4-BF4E-8E5497018509}"
EndProject
Project("{FAE04EC0-301F-11D3-BF4B-00C04F79EFBC}") = "UnitTestProject.Test", "UnitTestProject.Test\UnitTestProject.Test.csproj", "{BD695529-F512-4568-8234-1F7DCBB36388}"
EndProject
Global
	GlobalSection(SolutionConfigurationPlatforms) = preSolution
		Debug|Any CPU = Debug|Any CPU
		Release|Any CPU = Release|Any CPU
	EndGlobalSection
	GlobalSection(ProjectConfigurationPlatforms) = postSolution
		{3D076626-CE25-40F4-BF4E-8E5497018509}.Debug|Any CPU.ActiveCfg = Debug|Any CPU
		{3D076626-CE25-40F4-BF4E-8E5497018509}.Debug|Any CPU.Build.0 = Debug|Any CPU
		{3D076626-CE25-40F4-BF4E-8E5497018509}.Release|Any CPU.ActiveCfg = Release|Any CPU
		{3D076626-CE25-40F4-BF4E-8E5497018509}.Release|Any CPU.Build.0 = Release|Any CPU
		{BD695529-F512-4568-8234-1F7DCBB36388}.Debug|Any CPU.ActiveCfg = Debug|Any CPU
		{BD695529-F512-4568-8234-1F7DCBB36388}.Debug|Any CPU.Build.0 = Debug|Any CPU
		{BD695529-F512-4568-8234-1F7DCBB36388}.Release|Any CPU.ActiveCfg = Release|Any CPU
		{BD695529-F512-4568-8234-1F7DCBB36388}.Release|Any CPU.Build.0 = Release|Any CPU
	EndGlobalSection
	GlobalSection(SolutionProperties) = preSolution
		HideSolutionNode = FALSE
	EndGlobalSection
	GlobalSection(ExtensibilityGlobals) = postSolution
		SolutionGuid = {D552BB15-A65C-4410-9075-01DB8876FDAA}
	EndGlobalSection
EndGlobal
